
Microsoft Visual Studio Solution File, Format Version 12.00
# Visual Studio Version 16
VisualStudioVersion = 16.0.31424.327
MinimumVisualStudioVersion = 10.0.40219.1
Project("{FAE04EC0-301F-11D3-BF4B-00C04F79EFBC}") = "BRP-Day7", "BRP-Day7\BRP-Day7.csproj", "{F213778B-D8B0-4258-95DE-07C0B65B0A05}"
EndProject
Global
	GlobalSection(SolutionConfigurationPlatforms) = preSolution
		Debug|Any CPU = Debug|Any CPU
		Release|Any CPU = Release|Any CPU
	EndGlobalSection
	GlobalSection(ProjectConfigurationPlatforms) = postSolution
		{F213778B-D8B0-4258-95DE-07C0B65B0A05}.Debug|Any CPU.ActiveCfg = Debug|Any CPU
		{F213778B-D8B0-4258-95DE-07C0B65B0A05}.Debug|Any CPU.Build.0 = Debug|Any CPU
		{F213778B-D8B0-4258-95DE-07C0B65B0A05}.Release|Any CPU.ActiveCfg = Release|Any CPU
		{F213778B-D8B0-4258-95DE-07C0B65B0A05}.Release|Any CPU.Build.0 = Release|Any CPU
	EndGlobalSection
	GlobalSection(SolutionProperties) = preSolution
		HideSolutionNode = FALSE
	EndGlobalSection
	GlobalSection(ExtensibilityGlobals) = postSolution
		SolutionGuid = {F4826581-44B5-4D72-BC9D-D898A62841BF}
	EndGlobalSection
EndGlobal
